// !$*UTF8*$!
{
	archiveVersion = 1;
	classes = {
	};
	objectVersion = 56;
	objects = {

/* Begin PBXBuildFile section */
		5285B5A12B17E6DC006FA29E /* AppDelegate.swift in Sources */ = {isa = PBXBuildFile; fileRef = 5285B5A02B17E6DC006FA29E /* AppDelegate.swift */; };
		5285B5A32B17E6DC006FA29E /* SceneDelegate.swift in Sources */ = {isa = PBXBuildFile; fileRef = 5285B5A22B17E6DC006FA29E /* SceneDelegate.swift */; };
		5285B5A52B17E6DC006FA29E /* ViewController.swift in Sources */ = {isa = PBXBuildFile; fileRef = 5285B5A42B17E6DC006FA29E /* ViewController.swift */; };
		5285B5A82B17E6DC006FA29E /* Main.storyboard in Resources */ = {isa = PBXBuildFile; fileRef = 5285B5A62B17E6DC006FA29E /* Main.storyboard */; };
		5285B5AB2B17E6DC006FA29E /* GCDApp.xcdatamodeld in Sources */ = {isa = PBXBuildFile; fileRef = 5285B5A92B17E6DC006FA29E /* GCDApp.xcdatamodeld */; };
		5285B5AD2B17E6DE006FA29E /* Assets.xcassets in Resources */ = {isa = PBXBuildFile; fileRef = 5285B5AC2B17E6DE006FA29E /* Assets.xcassets */; };
		5285B5B02B17E6DE006FA29E /* LaunchScreen.storyboard in Resources */ = {isa = PBXBuildFile; fileRef = 5285B5AE2B17E6DE006FA29E /* LaunchScreen.storyboard */; };
		5285B5BB2B17E6DE006FA29E /* GCDAppTests.swift in Sources */ = {isa = PBXBuildFile; fileRef = 5285B5BA2B17E6DE006FA29E /* GCDAppTests.swift */; };
		5285B5C52B17E6DE006FA29E /* GCDAppUITests.swift in Sources */ = {isa = PBXBuildFile; fileRef = 5285B5C42B17E6DE006FA29E /* GCDAppUITests.swift */; };
		5285B5C72B17E6DE006FA29E /* GCDAppUITestsLaunchTests.swift in Sources */ = {isa = PBXBuildFile; fileRef = 5285B5C62B17E6DE006FA29E /* GCDAppUITestsLaunchTests.swift */; };
/* End PBXBuildFile section */

/* Begin PBXContainerItemProxy section */
		5285B5B72B17E6DE006FA29E /* PBXContainerItemProxy */ = {
			isa = PBXContainerItemProxy;
			containerPortal = 5285B5952B17E6DC006FA29E /* Project object */;
			proxyType = 1;
			remoteGlobalIDString = 5285B59C2B17E6DC006FA29E;
			remoteInfo = GCDApp;
		};
		5285B5C12B17E6DE006FA29E /* PBXContainerItemProxy */ = {
			isa = PBXContainerItemProxy;
			containerPortal = 5285B5952B17E6DC006FA29E /* Project object */;
			proxyType = 1;
			remoteGlobalIDString = 5285B59C2B17E6DC006FA29E;
			remoteInfo = GCDApp;
		};
/* End PBXContainerItemProxy section */

/* Begin PBXFileReference section */
		5285B59D2B17E6DC006FA29E /* GCDApp.app */ = {isa = PBXFileReference; explicitFileType = wrapper.application; includeInIndex = 0; path = GCDApp.app; sourceTree = BUILT_PRODUCTS_DIR; };
		5285B5A02B17E6DC006FA29E /* AppDelegate.swift */ = {isa = PBXFileReference; lastKnownFileType = sourcecode.swift; path = AppDelegate.swift; sourceTree = "<group>"; };
		5285B5A22B17E6DC006FA29E /* SceneDelegate.swift */ = {isa = PBXFileReference; lastKnownFileType = sourcecode.swift; path = SceneDelegate.swift; sourceTree = "<group>"; };
		5285B5A42B17E6DC006FA29E /* ViewController.swift */ = {isa = PBXFileReference; lastKnownFileType = sourcecode.swift; path = ViewController.swift; sourceTree = "<group>"; };
		5285B5A72B17E6DC006FA29E /* Base */ = {isa = PBXFileReference; lastKnownFileType = file.storyboard; name = Base; path = Base.lproj/Main.storyboard; sourceTree = "<group>"; };
		5285B5AA2B17E6DC006FA29E /* GCDApp.xcdatamodel */ = {isa = PBXFileReference; lastKnownFileType = wrapper.xcdatamodel; path = GCDApp.xcdatamodel; sourceTree = "<group>"; };
		5285B5AC2B17E6DE006FA29E /* Assets.xcassets */ = {isa = PBXFileReference; lastKnownFileType = folder.assetcatalog; path = Assets.xcassets; sourceTree = "<group>"; };
		5285B5AF2B17E6DE006FA29E /* Base */ = {isa = PBXFileReference; lastKnownFileType = file.storyboard; name = Base; path = Base.lproj/LaunchScreen.storyboard; sourceTree = "<group>"; };
		5285B5B12B17E6DE006FA29E /* Info.plist */ = {isa = PBXFileReference; lastKnownFileType = text.plist.xml; path = Info.plist; sourceTree = "<group>"; };
		5285B5B62B17E6DE006FA29E /* GCDAppTests.xctest */ = {isa = PBXFileReference; explicitFileType = wrapper.cfbundle; includeInIndex = 0; path = GCDAppTests.xctest; sourceTree = BUILT_PRODUCTS_DIR; };
		5285B5BA2B17E6DE006FA29E /* GCDAppTests.swift */ = {isa = PBXFileReference; lastKnownFileType = sourcecode.swift; path = GCDAppTests.swift; sourceTree = "<group>"; };
		5285B5C02B17E6DE006FA29E /* GCDAppUITests.xctest */ = {isa = PBXFileReference; explicitFileType = wrapper.cfbundle; includeInIndex = 0; path = GCDAppUITests.xctest; sourceTree = BUILT_PRODUCTS_DIR; };
		5285B5C42B17E6DE006FA29E /* GCDAppUITests.swift */ = {isa = PBXFileReference; lastKnownFileType = sourcecode.swift; path = GCDAppUITests.swift; sourceTree = "<group>"; };
		5285B5C62B17E6DE006FA29E /* GCDAppUITestsLaunchTests.swift */ = {isa = PBXFileReference; lastKnownFileType = sourcecode.swift; path = GCDAppUITestsLaunchTests.swift; sourceTree = "<group>"; };
/* End PBXFileReference section */

/* Begin PBXFrameworksBuildPhase section */
		5285B59A2B17E6DC006FA29E /* Frameworks */ = {
			isa = PBXFrameworksBuildPhase;
			buildActionMask = 2147483647;
			files = (
			);
			runOnlyForDeploymentPostprocessing = 0;
		};
		5285B5B32B17E6DE006FA29E /* Frameworks */ = {
			isa = PBXFrameworksBuildPhase;
			buildActionMask = 2147483647;
			files = (
			);
			runOnlyForDeploymentPostprocessing = 0;
		};
		5285B5BD2B17E6DE006FA29E /* Frameworks */ = {
			isa = PBXFrameworksBuildPhase;
			buildActionMask = 2147483647;
			files = (
			);
			runOnlyForDeploymentPostprocessing = 0;
		};
/* End PBXFrameworksBuildPhase section */

/* Begin PBXGroup section */
		5285B5942B17E6DC006FA29E = {
			isa = PBXGroup;
			children = (
				5285B59F2B17E6DC006FA29E /* GCDApp */,
				5285B5B92B17E6DE006FA29E /* GCDAppTests */,
				5285B5C32B17E6DE006FA29E /* GCDAppUITests */,
				5285B59E2B17E6DC006FA29E /* Products */,
			);
			sourceTree = "<group>";
		};
		5285B59E2B17E6DC006FA29E /* Products */ = {
			isa = PBXGroup;
			children = (
				5285B59D2B17E6DC006FA29E /* GCDApp.app */,
				5285B5B62B17E6DE006FA29E /* GCDAppTests.xctest */,
				5285B5C02B17E6DE006FA29E /* GCDAppUITests.xctest */,
			);
			name = Products;
			sourceTree = "<group>";
		};
		5285B59F2B17E6DC006FA29E /* GCDApp */ = {
			isa = PBXGroup;
			children = (
				5285B5A02B17E6DC006FA29E /* AppDelegate.swift */,
				5285B5A22B17E6DC006FA29E /* SceneDelegate.swift */,
				5285B5A42B17E6DC006FA29E /* ViewController.swift */,
				5285B5A62B17E6DC006FA29E /* Main.storyboard */,
				5285B5AC2B17E6DE006FA29E /* Assets.xcassets */,
				5285B5AE2B17E6DE006FA29E /* LaunchScreen.storyboard */,
				5285B5B12B17E6DE006FA29E /* Info.plist */,
				5285B5A92B17E6DC006FA29E /* GCDApp.xcdatamodeld */,
			);
			path = GCDApp;
			sourceTree = "<group>";
		};
		5285B5B92B17E6DE006FA29E /* GCDAppTests */ = {
			isa = PBXGroup;
			children = (
				5285B5BA2B17E6DE006FA29E /* GCDAppTests.swift */,
			);
			path = GCDAppTests;
			sourceTree = "<group>";
		};
		5285B5C32B17E6DE006FA29E /* GCDAppUITests */ = {
			isa = PBXGroup;
			children = (
				5285B5C42B17E6DE006FA29E /* GCDAppUITests.swift */,
				5285B5C62B17E6DE006FA29E /* GCDAppUITestsLaunchTests.swift */,
			);
			path = GCDAppUITests;
			sourceTree = "<group>";
		};
/* End PBXGroup section */

/* Begin PBXNativeTarget section */
		5285B59C2B17E6DC006FA29E /* GCDApp */ = {
			isa = PBXNativeTarget;
			buildConfigurationList = 5285B5CA2B17E6DE006FA29E /* Build configuration list for PBXNativeTarget "GCDApp" */;
			buildPhases = (
				5285B5992B17E6DC006FA29E /* Sources */,
				5285B59A2B17E6DC006FA29E /* Frameworks */,
				5285B59B2B17E6DC006FA29E /* Resources */,
			);
			buildRules = (
			);
			dependencies = (
			);
			name = GCDApp;
			productName = GCDApp;
			productReference = 5285B59D2B17E6DC006FA29E /* GCDApp.app */;
			productType = "com.apple.product-type.application";
		};
		5285B5B52B17E6DE006FA29E /* GCDAppTests */ = {
			isa = PBXNativeTarget;
			buildConfigurationList = 5285B5CD2B17E6DE006FA29E /* Build configuration list for PBXNativeTarget "GCDAppTests" */;
			buildPhases = (
				5285B5B22B17E6DE006FA29E /* Sources */,
				5285B5B32B17E6DE006FA29E /* Frameworks */,
				5285B5B42B17E6DE006FA29E /* Resources */,
			);
			buildRules = (
			);
			dependencies = (
				5285B5B82B17E6DE006FA29E /* PBXTargetDependency */,
			);
			name = GCDAppTests;
			productName = GCDAppTests;
			productReference = 5285B5B62B17E6DE006FA29E /* GCDAppTests.xctest */;
			productType = "com.apple.product-type.bundle.unit-test";
		};
		5285B5BF2B17E6DE006FA29E /* GCDAppUITests */ = {
			isa = PBXNativeTarget;
			buildConfigurationList = 5285B5D02B17E6DE006FA29E /* Build configuration list for PBXNativeTarget "GCDAppUITests" */;
			buildPhases = (
				5285B5BC2B17E6DE006FA29E /* Sources */,
				5285B5BD2B17E6DE006FA29E /* Frameworks */,
				5285B5BE2B17E6DE006FA29E /* Resources */,
			);
			buildRules = (
			);
			dependencies = (
				5285B5C22B17E6DE006FA29E /* PBXTargetDependency */,
			);
			name = GCDAppUITests;
			productName = GCDAppUITests;
			productReference = 5285B5C02B17E6DE006FA29E /* GCDAppUITests.xctest */;
			productType = "com.apple.product-type.bundle.ui-testing";
		};
/* End PBXNativeTarget section */

/* Begin PBXProject section */
		5285B5952B17E6DC006FA29E /* Project object */ = {
			isa = PBXProject;
			attributes = {
				BuildIndependentTargetsInParallel = 1;
				LastSwiftUpdateCheck = 1430;
				LastUpgradeCheck = 1430;
				TargetAttributes = {
					5285B59C2B17E6DC006FA29E = {
						CreatedOnToolsVersion = 14.3.1;
					};
					5285B5B52B17E6DE006FA29E = {
						CreatedOnToolsVersion = 14.3.1;
						TestTargetID = 5285B59C2B17E6DC006FA29E;
					};
					5285B5BF2B17E6DE006FA29E = {
						CreatedOnToolsVersion = 14.3.1;
						TestTargetID = 5285B59C2B17E6DC006FA29E;
					};
				};
			};
			buildConfigurationList = 5285B5982B17E6DC006FA29E /* Build configuration list for PBXProject "GCDApp" */;
			compatibilityVersion = "Xcode 14.0";
			developmentRegion = en;
			hasScannedForEncodings = 0;
			knownRegions = (
				en,
				Base,
			);
			mainGroup = 5285B5942B17E6DC006FA29E;
			productRefGroup = 5285B59E2B17E6DC006FA29E /* Products */;
			projectDirPath = "";
			projectRoot = "";
			targets = (
				5285B59C2B17E6DC006FA29E /* GCDApp */,
				5285B5B52B17E6DE006FA29E /* GCDAppTests */,
				5285B5BF2B17E6DE006FA29E /* GCDAppUITests */,
			);
		};
/* End PBXProject section */

/* Begin PBXResourcesBuildPhase section */
		5285B59B2B17E6DC006FA29E /* Resources */ = {
			isa = PBXResourcesBuildPhase;
			buildActionMask = 2147483647;
			files = (
				5285B5B02B17E6DE006FA29E /* LaunchScreen.storyboard in Resources */,
				5285B5AD2B17E6DE006FA29E /* Assets.xcassets in Resources */,
				5285B5A82B17E6DC006FA29E /* Main.storyboard in Resources */,
			);
			runOnlyForDeploymentPostprocessing = 0;
		};
		5285B5B42B17E6DE006FA29E /* Resources */ = {
			isa = PBXResourcesBuildPhase;
			buildActionMask = 2147483647;
			files = (
			);
			runOnlyForDeploymentPostprocessing = 0;
		};
		5285B5BE2B17E6DE006FA29E /* Resources */ = {
			isa = PBXResourcesBuildPhase;
			buildActionMask = 2147483647;
			files = (
			);
			runOnlyForDeploymentPostprocessing = 0;
		};
/* End PBXResourcesBuildPhase section */

/* Begin PBXSourcesBuildPhase section */
		5285B5992B17E6DC006FA29E /* Sources */ = {
			isa = PBXSourcesBuildPhase;
			buildActionMask = 2147483647;
			files = (
				5285B5A52B17E6DC006FA29E /* ViewController.swift in Sources */,
				5285B5A12B17E6DC006FA29E /* AppDelegate.swift in Sources */,
				5285B5AB2B17E6DC006FA29E /* GCDApp.xcdatamodeld in Sources */,
				5285B5A32B17E6DC006FA29E /* SceneDelegate.swift in Sources */,
			);
			runOnlyForDeploymentPostprocessing = 0;
		};
		5285B5B22B17E6DE006FA29E /* Sources */ = {
			isa = PBXSourcesBuildPhase;
			buildActionMask = 2147483647;
			files = (
				5285B5BB2B17E6DE006FA29E /* GCDAppTests.swift in Sources */,
			);
			runOnlyForDeploymentPostprocessing = 0;
		};
		5285B5BC2B17E6DE006FA29E /* Sources */ = {
			isa = PBXSourcesBuildPhase;
			buildActionMask = 2147483647;
			files = (
				5285B5C52B17E6DE006FA29E /* GCDAppUITests.swift in Sources */,
				5285B5C72B17E6DE006FA29E /* GCDAppUITestsLaunchTests.swift in Sources */,
			);
			runOnlyForDeploymentPostprocessing = 0;
		};
/* End PBXSourcesBuildPhase section */

/* Begin PBXTargetDependency section */
		5285B5B82B17E6DE006FA29E /* PBXTargetDependency */ = {
			isa = PBXTargetDependency;
			target = 5285B59C2B17E6DC006FA29E /* GCDApp */;
			targetProxy = 5285B5B72B17E6DE006FA29E /* PBXContainerItemProxy */;
		};
		5285B5C22B17E6DE006FA29E /* PBXTargetDependency */ = {
			isa = PBXTargetDependency;
			target = 5285B59C2B17E6DC006FA29E /* GCDApp */;
			targetProxy = 5285B5C12B17E6DE006FA29E /* PBXContainerItemProxy */;
		};
/* End PBXTargetDependency section */

/* Begin PBXVariantGroup section */
		5285B5A62B17E6DC006FA29E /* Main.storyboard */ = {
			isa = PBXVariantGroup;
			children = (
				5285B5A72B17E6DC006FA29E /* Base */,
			);
			name = Main.storyboard;
			sourceTree = "<group>";
		};
		5285B5AE2B17E6DE006FA29E /* LaunchScreen.storyboard */ = {
			isa = PBXVariantGroup;
			children = (
				5285B5AF2B17E6DE006FA29E /* Base */,
			);
			name = LaunchScreen.storyboard;
			sourceTree = "<group>";
		};
/* End PBXVariantGroup section */

/* Begin XCBuildConfiguration section */
		5285B5C82B17E6DE006FA29E /* Debug */ = {
			isa = XCBuildConfiguration;
			buildSettings = {
				ALWAYS_SEARCH_USER_PATHS = NO;
				CLANG_ANALYZER_NONNULL = YES;
				CLANG_ANALYZER_NUMBER_OBJECT_CONVERSION = YES_AGGRESSIVE;
				CLANG_CXX_LANGUAGE_STANDARD = "gnu++20";
				CLANG_ENABLE_MODULES = YES;
				CLANG_ENABLE_OBJC_ARC = YES;
				CLANG_ENABLE_OBJC_WEAK = YES;
				CLANG_WARN_BLOCK_CAPTURE_AUTORELEASING = YES;
				CLANG_WARN_BOOL_CONVERSION = YES;
				CLANG_WARN_COMMA = YES;
				CLANG_WARN_CONSTANT_CONVERSION = YES;
				CLANG_WARN_DEPRECATED_OBJC_IMPLEMENTATIONS = YES;
				CLANG_WARN_DIRECT_OBJC_ISA_USAGE = YES_ERROR;
				CLANG_WARN_DOCUMENTATION_COMMENTS = YES;
				CLANG_WARN_EMPTY_BODY = YES;
				CLANG_WARN_ENUM_CONVERSION = YES;
				CLANG_WARN_INFINITE_RECURSION = YES;
				CLANG_WARN_INT_CONVERSION = YES;
				CLANG_WARN_NON_LITERAL_NULL_CONVERSION = YES;
				CLANG_WARN_OBJC_IMPLICIT_RETAIN_SELF = YES;
				CLANG_WARN_OBJC_LITERAL_CONVERSION = YES;
				CLANG_WARN_OBJC_ROOT_CLASS = YES_ERROR;
				CLANG_WARN_QUOTED_INCLUDE_IN_FRAMEWORK_HEADER = YES;
				CLANG_WARN_RANGE_LOOP_ANALYSIS = YES;
				CLANG_WARN_STRICT_PROTOTYPES = YES;
				CLANG_WARN_SUSPICIOUS_MOVE = YES;
				CLANG_WARN_UNGUARDED_AVAILABILITY = YES_AGGRESSIVE;
				CLANG_WARN_UNREACHABLE_CODE = YES;
				CLANG_WARN__DUPLICATE_METHOD_MATCH = YES;
				COPY_PHASE_STRIP = NO;
				DEBUG_INFORMATION_FORMAT = dwarf;
				ENABLE_STRICT_OBJC_MSGSEND = YES;
				ENABLE_TESTABILITY = YES;
				GCC_C_LANGUAGE_STANDARD = gnu11;
				GCC_DYNAMIC_NO_PIC = NO;
				GCC_NO_COMMON_BLOCKS = YES;
				GCC_OPTIMIZATION_LEVEL = 0;
				GCC_PREPROCESSOR_DEFINITIONS = (
					"DEBUG=1",
					"$(inherited)",
				);
				GCC_WARN_64_TO_32_BIT_CONVERSION = YES;
				GCC_WARN_ABOUT_RETURN_TYPE = YES_ERROR;
				GCC_WARN_UNDECLARED_SELECTOR = YES;
				GCC_WARN_UNINITIALIZED_AUTOS = YES_AGGRESSIVE;
				GCC_WARN_UNUSED_FUNCTION = YES;
				GCC_WARN_UNUSED_VARIABLE = YES;
				IPHONEOS_DEPLOYMENT_TARGET = 16.4;
				MTL_ENABLE_DEBUG_INFO = INCLUDE_SOURCE;
				MTL_FAST_MATH = YES;
				ONLY_ACTIVE_ARCH = YES;
				SDKROOT = iphoneos;
				SWIFT_ACTIVE_COMPILATION_CONDITIONS = DEBUG;
				SWIFT_OPTIMIZATION_LEVEL = "-Onone";
			};
			name = Debug;
		};
		5285B5C92B17E6DE006FA29E /* Release */ = {
			isa = XCBuildConfiguration;
			buildSettings = {
				ALWAYS_SEARCH_USER_PATHS = NO;
				CLANG_ANALYZER_NONNULL = YES;
				CLANG_ANALYZER_NUMBER_OBJECT_CONVERSION = YES_AGGRESSIVE;
				CLANG_CXX_LANGUAGE_STANDARD = "gnu++20";
				CLANG_ENABLE_MODULES = YES;
				CLANG_ENABLE_OBJC_ARC = YES;
				CLANG_ENABLE_OBJC_WEAK = YES;
				CLANG_WARN_BLOCK_CAPTURE_AUTORELEASING = YES;
				CLANG_WARN_BOOL_CONVERSION = YES;
				CLANG_WARN_COMMA = YES;
				CLANG_WARN_CONSTANT_CONVERSION = YES;
				CLANG_WARN_DEPRECATED_OBJC_IMPLEMENTATIONS = YES;
				CLANG_WARN_DIRECT_OBJC_ISA_USAGE = YES_ERROR;
				CLANG_WARN_DOCUMENTATION_COMMENTS = YES;
				CLANG_WARN_EMPTY_BODY = YES;
				CLANG_WARN_ENUM_CONVERSION = YES;
				CLANG_WARN_INFINITE_RECURSION = YES;
				CLANG_WARN_INT_CONVERSION = YES;
				CLANG_WARN_NON_LITERAL_NULL_CONVERSION = YES;
				CLANG_WARN_OBJC_IMPLICIT_RETAIN_SELF = YES;
				CLANG_WARN_OBJC_LITERAL_CONVERSION = YES;
				CLANG_WARN_OBJC_ROOT_CLASS = YES_ERROR;
				CLANG_WARN_QUOTED_INCLUDE_IN_FRAMEWORK_HEADER = YES;
				CLANG_WARN_RANGE_LOOP_ANALYSIS = YES;
				CLANG_WARN_STRICT_PROTOTYPES = YES;
				CLANG_WARN_SUSPICIOUS_MOVE = YES;
				CLANG_WARN_UNGUARDED_AVAILABILITY = YES_AGGRESSIVE;
				CLANG_WARN_UNREACHABLE_CODE = YES;
				CLANG_WARN__DUPLICATE_METHOD_MATCH = YES;
				COPY_PHASE_STRIP = NO;
				DEBUG_INFORMATION_FORMAT = "dwarf-with-dsym";
				ENABLE_NS_ASSERTIONS = NO;
				ENABLE_STRICT_OBJC_MSGSEND = YES;
				GCC_C_LANGUAGE_STANDARD = gnu11;
				GCC_NO_COMMON_BLOCKS = YES;
				GCC_WARN_64_TO_32_BIT_CONVERSION = YES;
				GCC_WARN_ABOUT_RETURN_TYPE = YES_ERROR;
				GCC_WARN_UNDECLARED_SELECTOR = YES;
				GCC_WARN_UNINITIALIZED_AUTOS = YES_AGGRESSIVE;
				GCC_WARN_UNUSED_FUNCTION = YES;
				GCC_WARN_UNUSED_VARIABLE = YES;
				IPHONEOS_DEPLOYMENT_TARGET = 16.4;
				MTL_ENABLE_DEBUG_INFO = NO;
				MTL_FAST_MATH = YES;
				SDKROOT = iphoneos;
				SWIFT_COMPILATION_MODE = wholemodule;
				SWIFT_OPTIMIZATION_LEVEL = "-O";
				VALIDATE_PRODUCT = YES;
			};
			name = Release;
		};
		5285B5CB2B17E6DE006FA29E /* Debug */ = {
			isa = XCBuildConfiguration;
			buildSettings = {
				ASSETCATALOG_COMPILER_APPICON_NAME = AppIcon;
				ASSETCATALOG_COMPILER_GLOBAL_ACCENT_COLOR_NAME = AccentColor;
				CODE_SIGN_STYLE = Automatic;
				CURRENT_PROJECT_VERSION = 1;
				DEVELOPMENT_TEAM = RK692GK2JP;
				GENERATE_INFOPLIST_FILE = YES;
				INFOPLIST_FILE = GCDApp/Info.plist;
				INFOPLIST_KEY_UIApplicationSupportsIndirectInputEvents = YES;
				INFOPLIST_KEY_UILaunchStoryboardName = LaunchScreen;
				INFOPLIST_KEY_UIMainStoryboardFile = Main;
				INFOPLIST_KEY_UISupportedInterfaceOrientations_iPad = "UIInterfaceOrientationPortrait UIInterfaceOrientationPortraitUpsideDown UIInterfaceOrientationLandscapeLeft UIInterfaceOrientationLandscapeRight";
				INFOPLIST_KEY_UISupportedInterfaceOrientations_iPhone = "UIInterfaceOrientationPortrait UIInterfaceOrientationLandscapeLeft UIInterfaceOrientationLandscapeRight";
				LD_RUNPATH_SEARCH_PATHS = (
					"$(inherited)",
					"@executable_path/Frameworks",
				);
				MARKETING_VERSION = 1.0;
				PRODUCT_BUNDLE_IDENTIFIER = com.company.GCDApp;
				PRODUCT_NAME = "$(TARGET_NAME)";
				SWIFT_EMIT_LOC_STRINGS = YES;
				SWIFT_VERSION = 5.0;
				TARGETED_DEVICE_FAMILY = "1,2";
			};
			name = Debug;
		};
		5285B5CC2B17E6DE006FA29E /* Release */ = {
			isa = XCBuildConfiguration;
			buildSettings = {
				ASSETCATALOG_COMPILER_APPICON_NAME = AppIcon;
				ASSETCATALOG_COMPILER_GLOBAL_ACCENT_COLOR_NAME = AccentColor;
				CODE_SIGN_STYLE = Automatic;
				CURRENT_PROJECT_VERSION = 1;
				DEVELOPMENT_TEAM = RK692GK2JP;
				GENERATE_INFOPLIST_FILE = YES;
				INFOPLIST_FILE = GCDApp/Info.plist;
				INFOPLIST_KEY_UIApplicationSupportsIndirectInputEvents = YES;
				INFOPLIST_KEY_UILaunchStoryboardName = LaunchScreen;
				INFOPLIST_KEY_UIMainStoryboardFile = Main;
				INFOPLIST_KEY_UISupportedInterfaceOrientations_iPad = "UIInterfaceOrientationPortrait UIInterfaceOrientationPortraitUpsideDown UIInterfaceOrientationLandscapeLeft UIInterfaceOrientationLandscapeRight";
				INFOPLIST_KEY_UISupportedInterfaceOrientations_iPhone = "UIInterfaceOrientationPortrait UIInterfaceOrientationLandscapeLeft UIInterfaceOrientationLandscapeRight";
				LD_RUNPATH_SEARCH_PATHS = (
					"$(inherited)",
					"@executable_path/Frameworks",
				);
				MARKETING_VERSION = 1.0;
				PRODUCT_BUNDLE_IDENTIFIER = com.company.GCDApp;
				PRODUCT_NAME = "$(TARGET_NAME)";
				SWIFT_EMIT_LOC_STRINGS = YES;
				SWIFT_VERSION = 5.0;
				TARGETED_DEVICE_FAMILY = "1,2";
			};
			name = Release;
		};
		5285B5CE2B17E6DE006FA29E /* Debug */ = {
			isa = XCBuildConfiguration;
			buildSettings = {
				ALWAYS_EMBED_SWIFT_STANDARD_LIBRARIES = YES;
				BUNDLE_LOADER = "$(TEST_HOST)";
				CODE_SIGN_STYLE = Automatic;
				CURRENT_PROJECT_VERSION = 1;
				DEVELOPMENT_TEAM = RK692GK2JP;
				GENERATE_INFOPLIST_FILE = YES;
				IPHONEOS_DEPLOYMENT_TARGET = 16.4;
				MARKETING_VERSION = 1.0;
				PRODUCT_BUNDLE_IDENTIFIER = com.company.GCDAppTests;
				PRODUCT_NAME = "$(TARGET_NAME)";
				SWIFT_EMIT_LOC_STRINGS = NO;
				SWIFT_VERSION = 5.0;
				TARGETED_DEVICE_FAMILY = "1,2";
				TEST_HOST = "$(BUILT_PRODUCTS_DIR)/GCDApp.app/$(BUNDLE_EXECUTABLE_FOLDER_PATH)/GCDApp";
			};
			name = Debug;
		};
		5285B5CF2B17E6DE006FA29E /* Release */ = {
			isa = XCBuildConfiguration;
			buildSettings = {
				ALWAYS_EMBED_SWIFT_STANDARD_LIBRARIES = YES;
				BUNDLE_LOADER = "$(TEST_HOST)";
				CODE_SIGN_STYLE = Automatic;
				CURRENT_PROJECT_VERSION = 1;
				DEVELOPMENT_TEAM = RK692GK2JP;
				GENERATE_INFOPLIST_FILE = YES;
				IPHONEOS_DEPLOYMENT_TARGET = 16.4;
				MARKETING_VERSION = 1.0;
				PRODUCT_BUNDLE_IDENTIFIER = com.company.GCDAppTests;
				PRODUCT_NAME = "$(TARGET_NAME)";
				SWIFT_EMIT_LOC_STRINGS = NO;
				SWIFT_VERSION = 5.0;
				TARGETED_DEVICE_FAMILY = "1,2";
				TEST_HOST = "$(BUILT_PRODUCTS_DIR)/GCDApp.app/$(BUNDLE_EXECUTABLE_FOLDER_PATH)/GCDApp";
			};
			name = Release;
		};
		5285B5D12B17E6DE006FA29E /* Debug */ = {
			isa = XCBuildConfiguration;
			buildSettings = {
				ALWAYS_EMBED_SWIFT_STANDARD_LIBRARIES = YES;
				CODE_SIGN_STYLE = Automatic;
				CURRENT_PROJECT_VERSION = 1;
				DEVELOPMENT_TEAM = RK692GK2JP;
				GENERATE_INFOPLIST_FILE = YES;
				MARKETING_VERSION = 1.0;
				PRODUCT_BUNDLE_IDENTIFIER = com.company.GCDAppUITests;
				PRODUCT_NAME = "$(TARGET_NAME)";
				SWIFT_EMIT_LOC_STRINGS = NO;
				SWIFT_VERSION = 5.0;
				TARGETED_DEVICE_FAMILY = "1,2";
				TEST_TARGET_NAME = GCDApp;
			};
			name = Debug;
		};
		5285B5D22B17E6DE006FA29E /* Release */ = {
			isa = XCBuildConfiguration;
			buildSettings = {
				ALWAYS_EMBED_SWIFT_STANDARD_LIBRARIES = YES;
				CODE_SIGN_STYLE = Automatic;
				CURRENT_PROJECT_VERSION = 1;
				DEVELOPMENT_TEAM = RK692GK2JP;
				GENERATE_INFOPLIST_FILE = YES;
				MARKETING_VERSION = 1.0;
				PRODUCT_BUNDLE_IDENTIFIER = com.company.GCDAppUITests;
				PRODUCT_NAME = "$(TARGET_NAME)";
				SWIFT_EMIT_LOC_STRINGS = NO;
				SWIFT_VERSION = 5.0;
				TARGETED_DEVICE_FAMILY = "1,2";
				TEST_TARGET_NAME = GCDApp;
			};
			name = Release;
		};
/* End XCBuildConfiguration section */

/* Begin XCConfigurationList section */
		5285B5982B17E6DC006FA29E /* Build configuration list for PBXProject "GCDApp" */ = {
			isa = XCConfigurationList;
			buildConfigurations = (
				5285B5C82B17E6DE006FA29E /* Debug */,
				5285B5C92B17E6DE006FA29E /* Release */,
			);
			defaultConfigurationIsVisible = 0;
			defaultConfigurationName = Release;
		};
		5285B5CA2B17E6DE006FA29E /* Build configuration list for PBXNativeTarget "GCDApp" */ = {
			isa = XCConfigurationList;
			buildConfigurations = (
				5285B5CB2B17E6DE006FA29E /* Debug */,
				5285B5CC2B17E6DE006FA29E /* Release */,
			);
			defaultConfigurationIsVisible = 0;
			defaultConfigurationName = Release;
		};
		5285B5CD2B17E6DE006FA29E /* Build configuration list for PBXNativeTarget "GCDAppTests" */ = {
			isa = XCConfigurationList;
			buildConfigurations = (
				5285B5CE2B17E6DE006FA29E /* Debug */,
				5285B5CF2B17E6DE006FA29E /* Release */,
			);
			defaultConfigurationIsVisible = 0;
			defaultConfigurationName = Release;
		};
		5285B5D02B17E6DE006FA29E /* Build configuration list for PBXNativeTarget "GCDAppUITests" */ = {
			isa = XCConfigurationList;
			buildConfigurations = (
				5285B5D12B17E6DE006FA29E /* Debug */,
				5285B5D22B17E6DE006FA29E /* Release */,
			);
			defaultConfigurationIsVisible = 0;
			defaultConfigurationName = Release;
		};
/* End XCConfigurationList section */

/* Begin XCVersionGroup section */
		5285B5A92B17E6DC006FA29E /* GCDApp.xcdatamodeld */ = {
			isa = XCVersionGroup;
			children = (
				5285B5AA2B17E6DC006FA29E /* GCDApp.xcdatamodel */,
			);
			currentVersion = 5285B5AA2B17E6DC006FA29E /* GCDApp.xcdatamodel */;
			path = GCDApp.xcdatamodeld;
			sourceTree = "<group>";
			versionGroupType = wrapper.xcdatamodel;
		};
/* End XCVersionGroup section */
	};
	rootObject = 5285B5952B17E6DC006FA29E /* Project object */;
}
